
Microsoft Visual Studio Solution File, Format Version 12.00
# Visual Studio Version 16
VisualStudioVersion = 16.0.30804.86
MinimumVisualStudioVersion = 10.0.40219.1
Project("{9A19103F-16F7-4668-BE54-9A1E7A4F7556}") = "Highlight", "Highlight\Highlight.csproj", "{A78FD882-5894-4AA8-9BE5-D5E6F16E9A78}"
EndProject
Global
	GlobalSection(SolutionConfigurationPlatforms) = preSolution
		Debug|Any CPU = Debug|Any CPU
		Release|Any CPU = Release|Any CPU
	EndGlobalSection
	GlobalSection(ProjectConfigurationPlatforms) = postSolution
		{A78FD882-5894-4AA8-9BE5-D5E6F16E9A78}.Debug|Any CPU.ActiveCfg = Debug|Any CPU
		{A78FD882-5894-4AA8-9BE5-D5E6F16E9A78}.Debug|Any CPU.Build.0 = Debug|Any CPU
		{A78FD882-5894-4AA8-9BE5-D5E6F16E9A78}.Release|Any CPU.ActiveCfg = Release|Any CPU
		{A78FD882-5894-4AA8-9BE5-D5E6F16E9A78}.Release|Any CPU.Build.0 = Release|Any CPU
	EndGlobalSection
	GlobalSection(SolutionProperties) = preSolution
		HideSolutionNode = FALSE
	EndGlobalSection
	GlobalSection(ExtensibilityGlobals) = postSolution
		SolutionGuid = {8EE3541B-42C0-4CD1-911D-BCCB5400B976}
	EndGlobalSection
EndGlobal
